// !$*UTF8*$!
{
	archiveVersion = 1;
	classes = {
	};
	objectVersion = 46;
	objects = {

/* Begin PBXBuildFile section */
		9319F91B18CD16FF0035C24C /* JMSPhotoMapViewController.m in Sources */ = {isa = PBXBuildFile; fileRef = 9319F91A18CD16FF0035C24C /* JMSPhotoMapViewController.m */; };
		9350438718BF0DCC00BD5F48 /* JMSCollectionPhotoCell.m in Sources */ = {isa = PBXBuildFile; fileRef = 9350438618BF0DCC00BD5F48 /* JMSCollectionPhotoCell.m */; };
		9350438D18BF0E6D00BD5F48 /* JMSPhotoData.m in Sources */ = {isa = PBXBuildFile; fileRef = 9350438C18BF0E6D00BD5F48 /* JMSPhotoData.m */; };
		9350439018BF0E7B00BD5F48 /* JMSPhotoStore.m in Sources */ = {isa = PBXBuildFile; fileRef = 9350438F18BF0E7B00BD5F48 /* JMSPhotoStore.m */; };
		9358061B18D0269F00295598 /* JMSPhotoDetailViewController.m in Sources */ = {isa = PBXBuildFile; fileRef = 9358061A18D0269F00295598 /* JMSPhotoDetailViewController.m */; };
		9358061E18D02A2A00295598 /* JMSPhotoDetailTableViewController.m in Sources */ = {isa = PBXBuildFile; fileRef = 9358061D18D02A2A00295598 /* JMSPhotoDetailTableViewController.m */; };
		935B6B6118C5666900A460A6 /* JMSAddPhotoTableViewController.m in Sources */ = {isa = PBXBuildFile; fileRef = 935B6B6018C5666900A460A6 /* JMSAddPhotoTableViewController.m */; };
		93604EBE18C7772300961505 /* JMSLocationSearchTableViewController.m in Sources */ = {isa = PBXBuildFile; fileRef = 93604EBD18C7772300961505 /* JMSLocationSearchTableViewController.m */; };
		939D802218C628BC00D90855 /* JMSSlideUpTransitionAnimator.m in Sources */ = {isa = PBXBuildFile; fileRef = 939D802018C628BC00D90855 /* JMSSlideUpTransitionAnimator.m */; };
		939D802518C66E5900D90855 /* JMSSlideDownTransitionAnimator.m in Sources */ = {isa = PBXBuildFile; fileRef = 939D802418C66E5900D90855 /* JMSSlideDownTransitionAnimator.m */; };
		93ED596118BE3C4D008874F6 /* Foundation.framework in Frameworks */ = {isa = PBXBuildFile; fileRef = 93ED596018BE3C4D008874F6 /* Foundation.framework */; };
		93ED596318BE3C4E008874F6 /* CoreGraphics.framework in Frameworks */ = {isa = PBXBuildFile; fileRef = 93ED596218BE3C4E008874F6 /* CoreGraphics.framework */; };
		93ED596518BE3C4E008874F6 /* UIKit.framework in Frameworks */ = {isa = PBXBuildFile; fileRef = 93ED596418BE3C4E008874F6 /* UIKit.framework */; };
		93ED596B18BE3C4E008874F6 /* InfoPlist.strings in Resources */ = {isa = PBXBuildFile; fileRef = 93ED596918BE3C4E008874F6 /* InfoPlist.strings */; };
		93ED596D18BE3C4E008874F6 /* main.m in Sources */ = {isa = PBXBuildFile; fileRef = 93ED596C18BE3C4E008874F6 /* main.m */; };
		93ED597118BE3C4E008874F6 /* JMSAppDelegate.m in Sources */ = {isa = PBXBuildFile; fileRef = 93ED597018BE3C4E008874F6 /* JMSAppDelegate.m */; };
		93ED597418BE3C4E008874F6 /* Main.storyboard in Resources */ = {isa = PBXBuildFile; fileRef = 93ED597218BE3C4E008874F6 /* Main.storyboard */; };
		93ED597918BE3C4E008874F6 /* Images.xcassets in Resources */ = {isa = PBXBuildFile; fileRef = 93ED597818BE3C4E008874F6 /* Images.xcassets */; };
		93ED598018BE3C4E008874F6 /* XCTest.framework in Frameworks */ = {isa = PBXBuildFile; fileRef = 93ED597F18BE3C4E008874F6 /* XCTest.framework */; };
		93ED598118BE3C4E008874F6 /* Foundation.framework in Frameworks */ = {isa = PBXBuildFile; fileRef = 93ED596018BE3C4D008874F6 /* Foundation.framework */; };
		93ED598218BE3C4E008874F6 /* UIKit.framework in Frameworks */ = {isa = PBXBuildFile; fileRef = 93ED596418BE3C4E008874F6 /* UIKit.framework */; };
		93ED598A18BE3C4E008874F6 /* InfoPlist.strings in Resources */ = {isa = PBXBuildFile; fileRef = 93ED598818BE3C4E008874F6 /* InfoPlist.strings */; };
		93ED598C18BE3C4E008874F6 /* CP125A_HW6Tests.m in Sources */ = {isa = PBXBuildFile; fileRef = 93ED598B18BE3C4E008874F6 /* CP125A_HW6Tests.m */; };
		93ED599718BF0317008874F6 /* JMSPhotoListCollectionViewController.m in Sources */ = {isa = PBXBuildFile; fileRef = 93ED599618BF0317008874F6 /* JMSPhotoListCollectionViewController.m */; };
/* End PBXBuildFile section */

/* Begin PBXContainerItemProxy section */
		93ED598318BE3C4E008874F6 /* PBXContainerItemProxy */ = {
			isa = PBXContainerItemProxy;
			containerPortal = 93ED595518BE3C4D008874F6 /* Project object */;
			proxyType = 1;
			remoteGlobalIDString = 93ED595C18BE3C4D008874F6;
			remoteInfo = CP125A_HW6;
		};
/* End PBXContainerItemProxy section */

/* Begin PBXFileReference section */
		9319F91918CD16FF0035C24C /* JMSPhotoMapViewController.h */ = {isa = PBXFileReference; fileEncoding = 4; lastKnownFileType = sourcecode.c.h; name = JMSPhotoMapViewController.h; path = "View Controllers/JMSPhotoMapViewController.h"; sourceTree = "<group>"; };
		9319F91A18CD16FF0035C24C /* JMSPhotoMapViewController.m */ = {isa = PBXFileReference; fileEncoding = 4; lastKnownFileType = sourcecode.c.objc; name = JMSPhotoMapViewController.m; path = "View Controllers/JMSPhotoMapViewController.m"; sourceTree = "<group>"; };
		9350438518BF0DCC00BD5F48 /* JMSCollectionPhotoCell.h */ = {isa = PBXFileReference; fileEncoding = 4; lastKnownFileType = sourcecode.c.h; name = JMSCollectionPhotoCell.h; path = "View Controllers/Views/JMSCollectionPhotoCell.h"; sourceTree = "<group>"; };
		9350438618BF0DCC00BD5F48 /* JMSCollectionPhotoCell.m */ = {isa = PBXFileReference; fileEncoding = 4; lastKnownFileType = sourcecode.c.objc; name = JMSCollectionPhotoCell.m; path = "View Controllers/Views/JMSCollectionPhotoCell.m"; sourceTree = "<group>"; };
		9350438B18BF0E6D00BD5F48 /* JMSPhotoData.h */ = {isa = PBXFileReference; fileEncoding = 4; lastKnownFileType = sourcecode.c.h; name = JMSPhotoData.h; path = Model/JMSPhotoData.h; sourceTree = "<group>"; };
		9350438C18BF0E6D00BD5F48 /* JMSPhotoData.m */ = {isa = PBXFileReference; fileEncoding = 4; lastKnownFileType = sourcecode.c.objc; name = JMSPhotoData.m; path = Model/JMSPhotoData.m; sourceTree = "<group>"; };
		9350438E18BF0E7B00BD5F48 /* JMSPhotoStore.h */ = {isa = PBXFileReference; fileEncoding = 4; lastKnownFileType = sourcecode.c.h; name = JMSPhotoStore.h; path = Model/JMSPhotoStore.h; sourceTree = "<group>"; };
		9350438F18BF0E7B00BD5F48 /* JMSPhotoStore.m */ = {isa = PBXFileReference; fileEncoding = 4; lastKnownFileType = sourcecode.c.objc; name = JMSPhotoStore.m; path = Model/JMSPhotoStore.m; sourceTree = "<group>"; };
		9358061918D0269F00295598 /* JMSPhotoDetailViewController.h */ = {isa = PBXFileReference; fileEncoding = 4; lastKnownFileType = sourcecode.c.h; name = JMSPhotoDetailViewController.h; path = "View Controllers/JMSPhotoDetailViewController.h"; sourceTree = "<group>"; };
		9358061A18D0269F00295598 /* JMSPhotoDetailViewController.m */ = {isa = PBXFileReference; fileEncoding = 4; lastKnownFileType = sourcecode.c.objc; name = JMSPhotoDetailViewController.m; path = "View Controllers/JMSPhotoDetailViewController.m"; sourceTree = "<group>"; };
		9358061C18D02A2A00295598 /* JMSPhotoDetailTableViewController.h */ = {isa = PBXFileReference; fileEncoding = 4; lastKnownFileType = sourcecode.c.h; name = JMSPhotoDetailTableViewController.h; path = "View Controllers/JMSPhotoDetailTableViewController.h"; sourceTree = "<group>"; };
		9358061D18D02A2A00295598 /* JMSPhotoDetailTableViewController.m */ = {isa = PBXFileReference; fileEncoding = 4; lastKnownFileType = sourcecode.c.objc; name = JMSPhotoDetailTableViewController.m; path = "View Controllers/JMSPhotoDetailTableViewController.m"; sourceTree = "<group>"; };
		935B6B5F18C5666900A460A6 /* JMSAddPhotoTableViewController.h */ = {isa = PBXFileReference; fileEncoding = 4; lastKnownFileType = sourcecode.c.h; name = JMSAddPhotoTableViewController.h; path = "View Controllers/JMSAddPhotoTableViewController.h"; sourceTree = "<group>"; };
		935B6B6018C5666900A460A6 /* JMSAddPhotoTableViewController.m */ = {isa = PBXFileReference; fileEncoding = 4; lastKnownFileType = sourcecode.c.objc; name = JMSAddPhotoTableViewController.m; path = "View Controllers/JMSAddPhotoTableViewController.m"; sourceTree = "<group>"; };
		93604EBC18C7772300961505 /* JMSLocationSearchTableViewController.h */ = {isa = PBXFileReference; fileEncoding = 4; lastKnownFileType = sourcecode.c.h; name = JMSLocationSearchTableViewController.h; path = "View Controllers/JMSLocationSearchTableViewController.h"; sourceTree = "<group>"; };
		93604EBD18C7772300961505 /* JMSLocationSearchTableViewController.m */ = {isa = PBXFileReference; fileEncoding = 4; lastKnownFileType = sourcecode.c.objc; name = JMSLocationSearchTableViewController.m; path = "View Controllers/JMSLocationSearchTableViewController.m"; sourceTree = "<group>"; };
		939D802018C628BC00D90855 /* JMSSlideUpTransitionAnimator.m */ = {isa = PBXFileReference; fileEncoding = 4; lastKnownFileType = sourcecode.c.objc; path = JMSSlideUpTransitionAnimator.m; sourceTree = "<group>"; };
		939D802118C628BC00D90855 /* JMSSlideUpTransitionAnimator.h */ = {isa = PBXFileReference; fileEncoding = 4; lastKnownFileType = sourcecode.c.h; path = JMSSlideUpTransitionAnimator.h; sourceTree = "<group>"; };
		939D802318C66E5900D90855 /* JMSSlideDownTransitionAnimator.h */ = {isa = PBXFileReference; fileEncoding = 4; lastKnownFileType = sourcecode.c.h; path = JMSSlideDownTransitionAnimator.h; sourceTree = "<group>"; };
		939D802418C66E5900D90855 /* JMSSlideDownTransitionAnimator.m */ = {isa = PBXFileReference; fileEncoding = 4; lastKnownFileType = sourcecode.c.objc; path = JMSSlideDownTransitionAnimator.m; sourceTree = "<group>"; };
		93ED595D18BE3C4D008874F6 /* CP125A_HW6.app */ = {isa = PBXFileReference; explicitFileType = wrapper.application; includeInIndex = 0; path = CP125A_HW6.app; sourceTree = BUILT_PRODUCTS_DIR; };
		93ED596018BE3C4D008874F6 /* Foundation.framework */ = {isa = PBXFileReference; lastKnownFileType = wrapper.framework; name = Foundation.framework; path = System/Library/Frameworks/Foundation.framework; sourceTree = SDKROOT; };
		93ED596218BE3C4E008874F6 /* CoreGraphics.framework */ = {isa = PBXFileReference; lastKnownFileType = wrapper.framework; name = CoreGraphics.framework; path = System/Library/Frameworks/CoreGraphics.framework; sourceTree = SDKROOT; };
		93ED596418BE3C4E008874F6 /* UIKit.framework */ = {isa = PBXFileReference; lastKnownFileType = wrapper.framework; name = UIKit.framework; path = System/Library/Frameworks/UIKit.framework; sourceTree = SDKROOT; };
		93ED596818BE3C4E008874F6 /* CP125A_HW6-Info.plist */ = {isa = PBXFileReference; lastKnownFileType = text.plist.xml; path = "CP125A_HW6-Info.plist"; sourceTree = "<group>"; };
		93ED596A18BE3C4E008874F6 /* en */ = {isa = PBXFileReference; lastKnownFileType = text.plist.strings; name = en; path = en.lproj/InfoPlist.strings; sourceTree = "<group>"; };
		93ED596C18BE3C4E008874F6 /* main.m */ = {isa = PBXFileReference; lastKnownFileType = sourcecode.c.objc; path = main.m; sourceTree = "<group>"; };
		93ED596E18BE3C4E008874F6 /* CP125A_HW6-Prefix.pch */ = {isa = PBXFileReference; lastKnownFileType = sourcecode.c.h; path = "CP125A_HW6-Prefix.pch"; sourceTree = "<group>"; };
		93ED596F18BE3C4E008874F6 /* JMSAppDelegate.h */ = {isa = PBXFileReference; lastKnownFileType = sourcecode.c.h; path = JMSAppDelegate.h; sourceTree = "<group>"; };
		93ED597018BE3C4E008874F6 /* JMSAppDelegate.m */ = {isa = PBXFileReference; lastKnownFileType = sourcecode.c.objc; path = JMSAppDelegate.m; sourceTree = "<group>"; };
		93ED597318BE3C4E008874F6 /* Base */ = {isa = PBXFileReference; lastKnownFileType = file.storyboard; name = Base; path = Base.lproj/Main.storyboard; sourceTree = "<group>"; };
		93ED597818BE3C4E008874F6 /* Images.xcassets */ = {isa = PBXFileReference; lastKnownFileType = folder.assetcatalog; path = Images.xcassets; sourceTree = "<group>"; };
		93ED597E18BE3C4E008874F6 /* CP125A_HW6Tests.xctest */ = {isa = PBXFileReference; explicitFileType = wrapper.cfbundle; includeInIndex = 0; path = CP125A_HW6Tests.xctest; sourceTree = BUILT_PRODUCTS_DIR; };
		93ED597F18BE3C4E008874F6 /* XCTest.framework */ = {isa = PBXFileReference; lastKnownFileType = wrapper.framework; name = XCTest.framework; path = Library/Frameworks/XCTest.framework; sourceTree = DEVELOPER_DIR; };
		93ED598718BE3C4E008874F6 /* CP125A_HW6Tests-Info.plist */ = {isa = PBXFileReference; lastKnownFileType = text.plist.xml; path = "CP125A_HW6Tests-Info.plist"; sourceTree = "<group>"; };
		93ED598918BE3C4E008874F6 /* en */ = {isa = PBXFileReference; lastKnownFileType = text.plist.strings; name = en; path = en.lproj/InfoPlist.strings; sourceTree = "<group>"; };
		93ED598B18BE3C4E008874F6 /* CP125A_HW6Tests.m */ = {isa = PBXFileReference; lastKnownFileType = sourcecode.c.objc; path = CP125A_HW6Tests.m; sourceTree = "<group>"; };
		93ED599518BF0317008874F6 /* JMSPhotoListCollectionViewController.h */ = {isa = PBXFileReference; fileEncoding = 4; lastKnownFileType = sourcecode.c.h; name = JMSPhotoListCollectionViewController.h; path = "View Controllers/JMSPhotoListCollectionViewController.h"; sourceTree = "<group>"; };
		93ED599618BF0317008874F6 /* JMSPhotoListCollectionViewController.m */ = {isa = PBXFileReference; fileEncoding = 4; lastKnownFileType = sourcecode.c.objc; name = JMSPhotoListCollectionViewController.m; path = "View Controllers/JMSPhotoListCollectionViewController.m"; sourceTree = "<group>"; };
/* End PBXFileReference section */

/* Begin PBXFrameworksBuildPhase section */
		93ED595A18BE3C4D008874F6 /* Frameworks */ = {
			isa = PBXFrameworksBuildPhase;
			buildActionMask = 2147483647;
			files = (
				93ED596318BE3C4E008874F6 /* CoreGraphics.framework in Frameworks */,
				93ED596518BE3C4E008874F6 /* UIKit.framework in Frameworks */,
				93ED596118BE3C4D008874F6 /* Foundation.framework in Frameworks */,
			);
			runOnlyForDeploymentPostprocessing = 0;
		};
		93ED597B18BE3C4E008874F6 /* Frameworks */ = {
			isa = PBXFrameworksBuildPhase;
			buildActionMask = 2147483647;
			files = (
				93ED598018BE3C4E008874F6 /* XCTest.framework in Frameworks */,
				93ED598218BE3C4E008874F6 /* UIKit.framework in Frameworks */,
				93ED598118BE3C4E008874F6 /* Foundation.framework in Frameworks */,
			);
			runOnlyForDeploymentPostprocessing = 0;
		};
/* End PBXFrameworksBuildPhase section */

/* Begin PBXGroup section */
		9350438818BF0E3500BD5F48 /* Views */ = {
			isa = PBXGroup;
			children = (
				9350438518BF0DCC00BD5F48 /* JMSCollectionPhotoCell.h */,
				9350438618BF0DCC00BD5F48 /* JMSCollectionPhotoCell.m */,
			);
			name = Views;
			sourceTree = "<group>";
		};
		9350438918BF0E3B00BD5F48 /* View Controllers */ = {
			isa = PBXGroup;
			children = (
				93ED599518BF0317008874F6 /* JMSPhotoListCollectionViewController.h */,
				93ED599618BF0317008874F6 /* JMSPhotoListCollectionViewController.m */,
				935B6B5F18C5666900A460A6 /* JMSAddPhotoTableViewController.h */,
				935B6B6018C5666900A460A6 /* JMSAddPhotoTableViewController.m */,
				93604EBC18C7772300961505 /* JMSLocationSearchTableViewController.h */,
				93604EBD18C7772300961505 /* JMSLocationSearchTableViewController.m */,
				9319F91918CD16FF0035C24C /* JMSPhotoMapViewController.h */,
				9319F91A18CD16FF0035C24C /* JMSPhotoMapViewController.m */,
				9358061918D0269F00295598 /* JMSPhotoDetailViewController.h */,
				9358061A18D0269F00295598 /* JMSPhotoDetailViewController.m */,
				9358061C18D02A2A00295598 /* JMSPhotoDetailTableViewController.h */,
				9358061D18D02A2A00295598 /* JMSPhotoDetailTableViewController.m */,
				9350438818BF0E3500BD5F48 /* Views */,
			);
			name = "View Controllers";
			sourceTree = "<group>";
		};
		9350438A18BF0E4800BD5F48 /* Model */ = {
			isa = PBXGroup;
			children = (
				9350438E18BF0E7B00BD5F48 /* JMSPhotoStore.h */,
				9350438F18BF0E7B00BD5F48 /* JMSPhotoStore.m */,
				9350438B18BF0E6D00BD5F48 /* JMSPhotoData.h */,
				9350438C18BF0E6D00BD5F48 /* JMSPhotoData.m */,
			);
			name = Model;
			sourceTree = "<group>";
		};
		93ED595418BE3C4D008874F6 = {
			isa = PBXGroup;
			children = (
				93ED596618BE3C4E008874F6 /* CP125A_HW6 */,
				93ED598518BE3C4E008874F6 /* CP125A_HW6Tests */,
				93ED595F18BE3C4D008874F6 /* Frameworks */,
				93ED595E18BE3C4D008874F6 /* Products */,
			);
			sourceTree = "<group>";
		};
		93ED595E18BE3C4D008874F6 /* Products */ = {
			isa = PBXGroup;
			children = (
				93ED595D18BE3C4D008874F6 /* CP125A_HW6.app */,
				93ED597E18BE3C4E008874F6 /* CP125A_HW6Tests.xctest */,
			);
			name = Products;
			sourceTree = "<group>";
		};
		93ED595F18BE3C4D008874F6 /* Frameworks */ = {
			isa = PBXGroup;
			children = (
				93ED596018BE3C4D008874F6 /* Foundation.framework */,
				93ED596218BE3C4E008874F6 /* CoreGraphics.framework */,
				93ED596418BE3C4E008874F6 /* UIKit.framework */,
				93ED597F18BE3C4E008874F6 /* XCTest.framework */,
			);
			name = Frameworks;
			sourceTree = "<group>";
		};
		93ED596618BE3C4E008874F6 /* CP125A_HW6 */ = {
			isa = PBXGroup;
			children = (
				93ED596F18BE3C4E008874F6 /* JMSAppDelegate.h */,
				93ED597018BE3C4E008874F6 /* JMSAppDelegate.m */,
				93ED597218BE3C4E008874F6 /* Main.storyboard */,
				9350438918BF0E3B00BD5F48 /* View Controllers */,
				9350438A18BF0E4800BD5F48 /* Model */,
				93ED597818BE3C4E008874F6 /* Images.xcassets */,
				93ED596718BE3C4E008874F6 /* Supporting Files */,
			);
			path = CP125A_HW6;
			sourceTree = "<group>";
		};
		93ED596718BE3C4E008874F6 /* Supporting Files */ = {
			isa = PBXGroup;
			children = (
				939D802118C628BC00D90855 /* JMSSlideUpTransitionAnimator.h */,
				939D802018C628BC00D90855 /* JMSSlideUpTransitionAnimator.m */,
				939D802318C66E5900D90855 /* JMSSlideDownTransitionAnimator.h */,
				939D802418C66E5900D90855 /* JMSSlideDownTransitionAnimator.m */,
				93ED596818BE3C4E008874F6 /* CP125A_HW6-Info.plist */,
				93ED596918BE3C4E008874F6 /* InfoPlist.strings */,
				93ED596C18BE3C4E008874F6 /* main.m */,
				93ED596E18BE3C4E008874F6 /* CP125A_HW6-Prefix.pch */,
			);
			name = "Supporting Files";
			sourceTree = "<group>";
		};
		93ED598518BE3C4E008874F6 /* CP125A_HW6Tests */ = {
			isa = PBXGroup;
			children = (
				93ED598B18BE3C4E008874F6 /* CP125A_HW6Tests.m */,
				93ED598618BE3C4E008874F6 /* Supporting Files */,
			);
			path = CP125A_HW6Tests;
			sourceTree = "<group>";
		};
		93ED598618BE3C4E008874F6 /* Supporting Files */ = {
			isa = PBXGroup;
			children = (
				93ED598718BE3C4E008874F6 /* CP125A_HW6Tests-Info.plist */,
				93ED598818BE3C4E008874F6 /* InfoPlist.strings */,
			);
			name = "Supporting Files";
			sourceTree = "<group>";
		};
/* End PBXGroup section */

/* Begin PBXNativeTarget section */
		93ED595C18BE3C4D008874F6 /* CP125A_HW6 */ = {
			isa = PBXNativeTarget;
			buildConfigurationList = 93ED598F18BE3C4E008874F6 /* Build configuration list for PBXNativeTarget "CP125A_HW6" */;
			buildPhases = (
				93ED595918BE3C4D008874F6 /* Sources */,
				93ED595A18BE3C4D008874F6 /* Frameworks */,
				93ED595B18BE3C4D008874F6 /* Resources */,
			);
			buildRules = (
			);
			dependencies = (
			);
			name = CP125A_HW6;
			productName = CP125A_HW6;
			productReference = 93ED595D18BE3C4D008874F6 /* CP125A_HW6.app */;
			productType = "com.apple.product-type.application";
		};
		93ED597D18BE3C4E008874F6 /* CP125A_HW6Tests */ = {
			isa = PBXNativeTarget;
			buildConfigurationList = 93ED599218BE3C4E008874F6 /* Build configuration list for PBXNativeTarget "CP125A_HW6Tests" */;
			buildPhases = (
				93ED597A18BE3C4E008874F6 /* Sources */,
				93ED597B18BE3C4E008874F6 /* Frameworks */,
				93ED597C18BE3C4E008874F6 /* Resources */,
			);
			buildRules = (
			);
			dependencies = (
				93ED598418BE3C4E008874F6 /* PBXTargetDependency */,
			);
			name = CP125A_HW6Tests;
			productName = CP125A_HW6Tests;
			productReference = 93ED597E18BE3C4E008874F6 /* CP125A_HW6Tests.xctest */;
			productType = "com.apple.product-type.bundle.unit-test";
		};
/* End PBXNativeTarget section */

/* Begin PBXProject section */
		93ED595518BE3C4D008874F6 /* Project object */ = {
			isa = PBXProject;
			attributes = {
				CLASSPREFIX = JMS;
				LastUpgradeCheck = 0510;
				ORGANIZATIONNAME = jsorge;
				TargetAttributes = {
					93ED595C18BE3C4D008874F6 = {
						DevelopmentTeam = 49LQXRW3X4;
					};
					93ED597D18BE3C4E008874F6 = {
						TestTargetID = 93ED595C18BE3C4D008874F6;
					};
				};
			};
			buildConfigurationList = 93ED595818BE3C4D008874F6 /* Build configuration list for PBXProject "CP125A_HW6" */;
			compatibilityVersion = "Xcode 3.2";
			developmentRegion = English;
			hasScannedForEncodings = 0;
			knownRegions = (
				en,
				Base,
			);
			mainGroup = 93ED595418BE3C4D008874F6;
			productRefGroup = 93ED595E18BE3C4D008874F6 /* Products */;
			projectDirPath = "";
			projectRoot = "";
			targets = (
				93ED595C18BE3C4D008874F6 /* CP125A_HW6 */,
				93ED597D18BE3C4E008874F6 /* CP125A_HW6Tests */,
			);
		};
/* End PBXProject section */

/* Begin PBXResourcesBuildPhase section */
		93ED595B18BE3C4D008874F6 /* Resources */ = {
			isa = PBXResourcesBuildPhase;
			buildActionMask = 2147483647;
			files = (
				93ED597918BE3C4E008874F6 /* Images.xcassets in Resources */,
				93ED596B18BE3C4E008874F6 /* InfoPlist.strings in Resources */,
				93ED597418BE3C4E008874F6 /* Main.storyboard in Resources */,
			);
			runOnlyForDeploymentPostprocessing = 0;
		};
		93ED597C18BE3C4E008874F6 /* Resources */ = {
			isa = PBXResourcesBuildPhase;
			buildActionMask = 2147483647;
			files = (
				93ED598A18BE3C4E008874F6 /* InfoPlist.strings in Resources */,
			);
			runOnlyForDeploymentPostprocessing = 0;
		};
/* End PBXResourcesBuildPhase section */

/* Begin PBXSourcesBuildPhase section */
		93ED595918BE3C4D008874F6 /* Sources */ = {
			isa = PBXSourcesBuildPhase;
			buildActionMask = 2147483647;
			files = (
				93ED599718BF0317008874F6 /* JMSPhotoListCollectionViewController.m in Sources */,
				9319F91B18CD16FF0035C24C /* JMSPhotoMapViewController.m in Sources */,
				935B6B6118C5666900A460A6 /* JMSAddPhotoTableViewController.m in Sources */,
				93ED596D18BE3C4E008874F6 /* main.m in Sources */,
				93604EBE18C7772300961505 /* JMSLocationSearchTableViewController.m in Sources */,
				93ED597118BE3C4E008874F6 /* JMSAppDelegate.m in Sources */,
				9350438D18BF0E6D00BD5F48 /* JMSPhotoData.m in Sources */,
				9358061B18D0269F00295598 /* JMSPhotoDetailViewController.m in Sources */,
				9350438718BF0DCC00BD5F48 /* JMSCollectionPhotoCell.m in Sources */,
				9350439018BF0E7B00BD5F48 /* JMSPhotoStore.m in Sources */,
				939D802218C628BC00D90855 /* JMSSlideUpTransitionAnimator.m in Sources */,
				939D802518C66E5900D90855 /* JMSSlideDownTransitionAnimator.m in Sources */,
				9358061E18D02A2A00295598 /* JMSPhotoDetailTableViewController.m in Sources */,
			);
			runOnlyForDeploymentPostprocessing = 0;
		};
		93ED597A18BE3C4E008874F6 /* Sources */ = {
			isa = PBXSourcesBuildPhase;
			buildActionMask = 2147483647;
			files = (
				93ED598C18BE3C4E008874F6 /* CP125A_HW6Tests.m in Sources */,
			);
			runOnlyForDeploymentPostprocessing = 0;
		};
/* End PBXSourcesBuildPhase section */

/* Begin PBXTargetDependency section */
		93ED598418BE3C4E008874F6 /* PBXTargetDependency */ = {
			isa = PBXTargetDependency;
			target = 93ED595C18BE3C4D008874F6 /* CP125A_HW6 */;
			targetProxy = 93ED598318BE3C4E008874F6 /* PBXContainerItemProxy */;
		};
/* End PBXTargetDependency section */

/* Begin PBXVariantGroup section */
		93ED596918BE3C4E008874F6 /* InfoPlist.strings */ = {
			isa = PBXVariantGroup;
			children = (
				93ED596A18BE3C4E008874F6 /* en */,
			);
			name = InfoPlist.strings;
			sourceTree = "<group>";
		};
		93ED597218BE3C4E008874F6 /* Main.storyboard */ = {
			isa = PBXVariantGroup;
			children = (
				93ED597318BE3C4E008874F6 /* Base */,
			);
			name = Main.storyboard;
			sourceTree = "<group>";
		};
		93ED598818BE3C4E008874F6 /* InfoPlist.strings */ = {
			isa = PBXVariantGroup;
			children = (
				93ED598918BE3C4E008874F6 /* en */,
			);
			name = InfoPlist.strings;
			sourceTree = "<group>";
		};
/* End PBXVariantGroup section */

/* Begin XCBuildConfiguration section */
		93ED598D18BE3C4E008874F6 /* Debug */ = {
			isa = XCBuildConfiguration;
			buildSettings = {
				ALWAYS_SEARCH_USER_PATHS = NO;
				CLANG_CXX_LANGUAGE_STANDARD = "gnu++0x";
				CLANG_CXX_LIBRARY = "libc++";
				CLANG_ENABLE_MODULES = YES;
				CLANG_ENABLE_OBJC_ARC = YES;
				CLANG_WARN_BOOL_CONVERSION = YES;
				CLANG_WARN_CONSTANT_CONVERSION = YES;
				CLANG_WARN_DIRECT_OBJC_ISA_USAGE = YES_ERROR;
				CLANG_WARN_EMPTY_BODY = YES;
				CLANG_WARN_ENUM_CONVERSION = YES;
				CLANG_WARN_INT_CONVERSION = YES;
				CLANG_WARN_OBJC_ROOT_CLASS = YES_ERROR;
				CLANG_WARN__DUPLICATE_METHOD_MATCH = YES;
				"CODE_SIGN_IDENTITY[sdk=iphoneos*]" = "iPhone Developer";
				COPY_PHASE_STRIP = NO;
				GCC_C_LANGUAGE_STANDARD = gnu99;
				GCC_DYNAMIC_NO_PIC = NO;
				GCC_OPTIMIZATION_LEVEL = 0;
				GCC_PREPROCESSOR_DEFINITIONS = (
					"DEBUG=1",
					"$(inherited)",
				);
				GCC_SYMBOLS_PRIVATE_EXTERN = NO;
				GCC_WARN_64_TO_32_BIT_CONVERSION = YES;
				GCC_WARN_ABOUT_RETURN_TYPE = YES_ERROR;
				GCC_WARN_UNDECLARED_SELECTOR = YES;
				GCC_WARN_UNINITIALIZED_AUTOS = YES_AGGRESSIVE;
				GCC_WARN_UNUSED_FUNCTION = YES;
				GCC_WARN_UNUSED_VARIABLE = YES;
				IPHONEOS_DEPLOYMENT_TARGET = 7.1;
				ONLY_ACTIVE_ARCH = YES;
				SDKROOT = iphoneos;
			};
			name = Debug;
		};
		93ED598E18BE3C4E008874F6 /* Release */ = {
			isa = XCBuildConfiguration;
			buildSettings = {
				ALWAYS_SEARCH_USER_PATHS = NO;
				CLANG_CXX_LANGUAGE_STANDARD = "gnu++0x";
				CLANG_CXX_LIBRARY = "libc++";
				CLANG_ENABLE_MODULES = YES;
				CLANG_ENABLE_OBJC_ARC = YES;
				CLANG_WARN_BOOL_CONVERSION = YES;
				CLANG_WARN_CONSTANT_CONVERSION = YES;
				CLANG_WARN_DIRECT_OBJC_ISA_USAGE = YES_ERROR;
				CLANG_WARN_EMPTY_BODY = YES;
				CLANG_WARN_ENUM_CONVERSION = YES;
				CLANG_WARN_INT_CONVERSION = YES;
				CLANG_WARN_OBJC_ROOT_CLASS = YES_ERROR;
				CLANG_WARN__DUPLICATE_METHOD_MATCH = YES;
				"CODE_SIGN_IDENTITY[sdk=iphoneos*]" = "iPhone Developer";
				COPY_PHASE_STRIP = YES;
				ENABLE_NS_ASSERTIONS = NO;
				GCC_C_LANGUAGE_STANDARD = gnu99;
				GCC_WARN_64_TO_32_BIT_CONVERSION = YES;
				GCC_WARN_ABOUT_RETURN_TYPE = YES_ERROR;
				GCC_WARN_UNDECLARED_SELECTOR = YES;
				GCC_WARN_UNINITIALIZED_AUTOS = YES_AGGRESSIVE;
				GCC_WARN_UNUSED_FUNCTION = YES;
				GCC_WARN_UNUSED_VARIABLE = YES;
				IPHONEOS_DEPLOYMENT_TARGET = 7.1;
				SDKROOT = iphoneos;
				VALIDATE_PRODUCT = YES;
			};
			name = Release;
		};
		93ED599018BE3C4E008874F6 /* Debug */ = {
			isa = XCBuildConfiguration;
			buildSettings = {
				ASSETCATALOG_COMPILER_APPICON_NAME = AppIcon;
				ASSETCATALOG_COMPILER_LAUNCHIMAGE_NAME = LaunchImage;
				CODE_SIGN_IDENTITY = "iPhone Developer";
				"CODE_SIGN_IDENTITY[sdk=iphoneos*]" = "iPhone Developer";
				GCC_PRECOMPILE_PREFIX_HEADER = YES;
				GCC_PREFIX_HEADER = "CP125A_HW6/CP125A_HW6-Prefix.pch";
				INFOPLIST_FILE = "CP125A_HW6/CP125A_HW6-Info.plist";
				PRODUCT_NAME = "$(TARGET_NAME)";
				PROVISIONING_PROFILE = "";
				WRAPPER_EXTENSION = app;
			};
			name = Debug;
		};
		93ED599118BE3C4E008874F6 /* Release */ = {
			isa = XCBuildConfiguration;
			buildSettings = {
				ASSETCATALOG_COMPILER_APPICON_NAME = AppIcon;
				ASSETCATALOG_COMPILER_LAUNCHIMAGE_NAME = LaunchImage;
				CODE_SIGN_IDENTITY = "iPhone Developer";
				"CODE_SIGN_IDENTITY[sdk=iphoneos*]" = "iPhone Developer";
				GCC_PRECOMPILE_PREFIX_HEADER = YES;
				GCC_PREFIX_HEADER = "CP125A_HW6/CP125A_HW6-Prefix.pch";
				INFOPLIST_FILE = "CP125A_HW6/CP125A_HW6-Info.plist";
				PRODUCT_NAME = "$(TARGET_NAME)";
				PROVISIONING_PROFILE = "";
				WRAPPER_EXTENSION = app;
			};
			name = Release;
		};
		93ED599318BE3C4E008874F6 /* Debug */ = {
			isa = XCBuildConfiguration;
			buildSettings = {
				BUNDLE_LOADER = "$(BUILT_PRODUCTS_DIR)/CP125A_HW6.app/CP125A_HW6";
				FRAMEWORK_SEARCH_PATHS = (
					"$(SDKROOT)/Developer/Library/Frameworks",
					"$(inherited)",
					"$(DEVELOPER_FRAMEWORKS_DIR)",
				);
				GCC_PRECOMPILE_PREFIX_HEADER = YES;
				GCC_PREFIX_HEADER = "CP125A_HW6/CP125A_HW6-Prefix.pch";
				GCC_PREPROCESSOR_DEFINITIONS = (
					"DEBUG=1",
					"$(inherited)",
				);
				INFOPLIST_FILE = "CP125A_HW6Tests/CP125A_HW6Tests-Info.plist";
				PRODUCT_NAME = "$(TARGET_NAME)";
				TEST_HOST = "$(BUNDLE_LOADER)";
				WRAPPER_EXTENSION = xctest;
			};
			name = Debug;
		};
		93ED599418BE3C4E008874F6 /* Release */ = {
			isa = XCBuildConfiguration;
			buildSettings = {
				BUNDLE_LOADER = "$(BUILT_PRODUCTS_DIR)/CP125A_HW6.app/CP125A_HW6";
				FRAMEWORK_SEARCH_PATHS = (
					"$(SDKROOT)/Developer/Library/Frameworks",
					"$(inherited)",
					"$(DEVELOPER_FRAMEWORKS_DIR)",
				);
				GCC_PRECOMPILE_PREFIX_HEADER = YES;
				GCC_PREFIX_HEADER = "CP125A_HW6/CP125A_HW6-Prefix.pch";
				INFOPLIST_FILE = "CP125A_HW6Tests/CP125A_HW6Tests-Info.plist";
				PRODUCT_NAME = "$(TARGET_NAME)";
				TEST_HOST = "$(BUNDLE_LOADER)";
				WRAPPER_EXTENSION = xctest;
			};
			name = Release;
		};
/* End XCBuildConfiguration section */

/* Begin XCConfigurationList section */
		93ED595818BE3C4D008874F6 /* Build configuration list for PBXProject "CP125A_HW6" */ = {
			isa = XCConfigurationList;
			buildConfigurations = (
				93ED598D18BE3C4E008874F6 /* Debug */,
				93ED598E18BE3C4E008874F6 /* Release */,
			);
			defaultConfigurationIsVisible = 0;
			defaultConfigurationName = Release;
		};
		93ED598F18BE3C4E008874F6 /* Build configuration list for PBXNativeTarget "CP125A_HW6" */ = {
			isa = XCConfigurationList;
			buildConfigurations = (
				93ED599018BE3C4E008874F6 /* Debug */,
				93ED599118BE3C4E008874F6 /* Release */,
			);
			defaultConfigurationIsVisible = 0;
			defaultConfigurationName = Release;
		};
		93ED599218BE3C4E008874F6 /* Build configuration list for PBXNativeTarget "CP125A_HW6Tests" */ = {
			isa = XCConfigurationList;
			buildConfigurations = (
				93ED599318BE3C4E008874F6 /* Debug */,
				93ED599418BE3C4E008874F6 /* Release */,
			);
			defaultConfigurationIsVisible = 0;
			defaultConfigurationName = Release;
		};
/* End XCConfigurationList section */
	};
	rootObject = 93ED595518BE3C4D008874F6 /* Project object */;
}
